{
  "name": "9833c18b2d85bc59",
  "lockfileVersion": 3,
  "requires": true,
  "packages": {
    "": {
      "dependencies": {
        "@playwright/mcp": "^0.0.70"
      }
    },
    "node_modules/@playwright/mcp": {
      "version": "0.0.70",
      "resolved": "https://registry.npmjs.org/@playwright/mcp/-/mcp-0.0.70.tgz",
      "integrity": "sha512-Kl0a6l9VL8rvT1oBou3hS5yArjwWV9UlwAkq+0skfK1YVg8XfmmNaAmwZhMeNx/ZhGiWXfCllo6rD/jvZz+WuA==",
      "license": "Apache-2.0",
      "dependencies": {
        "playwright": "1.60.0-alpha-1774999321000",
        "playwright-core": "1.60.0-alpha-1774999321000"
      },
      "bin": {
        "playwright-mcp": "cli.js"
      },
      "engines": {
        "node": ">=18"
      }
    },
    "node_modules/fsevents": {
      "version": "2.3.2",
      "resolved": "https://registry.npmjs.org/fsevents/-/fsevents-2.3.2.tgz",
      "integrity": "sha512-xiqMQR4xAeHTuB9uWm+fFRcIOgKBMiOBP+eXiyT7jsgVCq1bkVygt00oASowB7EdtpOHaaPgKt812P9ab+DDKA==",
      "hasInstallScript": true,
      "license": "MIT",
      "optional": true,
      "os": [
        "darwin"
      ],
      "engines": {
        "node": "^8.16.0 || ^10.6.0 || >=11.0.0"
      }
    },
    "node_modules/playwright": {
      "version": "1.60.0-alpha-1774999321000",
      "resolved": "https://registry.npmjs.org/playwright/-/playwright-1.60.0-alpha-1774999321000.tgz",
      "integrity": "sha512-Bd5DkzYKG+2g1jLO6NeTXmGLbBYSFffJIOsR4l4hUBkJvzvGGdLZ7jZb2tOtb0WIoWXQKdQj3Ap6WthV4DBS8w==",
      "license": "Apache-2.0",
      "dependencies": {
        "playwright-core": "1.60.0-alpha-1774999321000"
      },
      "bin": {
        "playwright": "cli.js"
      },
      "engines": {
        "node": ">=18"
      },
      "optionalDependencies": {
        "fsevents": "2.3.2"
      }
    },
    "node_modules/playwright-core": {
      "version": "1.60.0-alpha-1774999321000",
      "resolved": "https://registry.npmjs.org/playwright-core/-/playwright-core-1.60.0-alpha-1774999321000.tgz",
      "integrity": "sha512-ams3Zo4VXxeOg5ZTTh16GkE8g48Bmxo/9pg9gXl9SVKlVohCU7Jaog7XntY8yFuzENA6dJc1Fz7Z/NNTm9nGEw==",
      "license": "Apache-2.0",
      "bin": {
        "playwright-core": "cli.js"
      },
      "engines": {
        "node": ">=18"
      }
    }
  }
}
